
Microsoft Visual Studio Solution File, Format Version 12.00
# Visual Studio Version 16
VisualStudioVersion = 16.0.29418.71
MinimumVisualStudioVersion = 10.0.40219.1
Project("{FAE04EC0-301F-11D3-BF4B-00C04F79EFBC}") = "VoiceChangerTest", "VoiceChangerTest\VoiceChangerTest.csproj", "{978525D2-F283-470C-9BBE-AE056162CE4F}"
EndProject
Global
	GlobalSection(SolutionConfigurationPlatforms) = preSolution
		Debug|Any CPU = Debug|Any CPU
		Release|Any CPU = Release|Any CPU
	EndGlobalSection
	GlobalSection(ProjectConfigurationPlatforms) = postSolution
		{978525D2-F283-470C-9BBE-AE056162CE4F}.Debug|Any CPU.ActiveCfg = Debug|Any CPU
		{978525D2-F283-470C-9BBE-AE056162CE4F}.Debug|Any CPU.Build.0 = Debug|Any CPU
		{978525D2-F283-470C-9BBE-AE056162CE4F}.Release|Any CPU.ActiveCfg = Release|Any CPU
		{978525D2-F283-470C-9BBE-AE056162CE4F}.Release|Any CPU.Build.0 = Release|Any CPU
	EndGlobalSection
	GlobalSection(SolutionProperties) = preSolution
		HideSolutionNode = FALSE
	EndGlobalSection
	GlobalSection(ExtensibilityGlobals) = postSolution
		SolutionGuid = {FEB14511-5D46-4739-A53F-CC2F791EECD8}
	EndGlobalSection
EndGlobal
